// !$*UTF8*$!
{
	archiveVersion = 1;
	classes = {
	};
	objectVersion = 56;
	objects = {

/* Begin PBXBuildFile section */
		3A189F6A2B0BCAD000FD1A1D /* AppDelegate.swift in Sources */ = {isa = PBXBuildFile; fileRef = 3A189F692B0BCAD000FD1A1D /* AppDelegate.swift */; };
		3A189F6C2B0BCAD000FD1A1D /* SceneDelegate.swift in Sources */ = {isa = PBXBuildFile; fileRef = 3A189F6B2B0BCAD000FD1A1D /* SceneDelegate.swift */; };
		3A189F6E2B0BCAD000FD1A1D /* ViewController.swift in Sources */ = {isa = PBXBuildFile; fileRef = 3A189F6D2B0BCAD000FD1A1D /* ViewController.swift */; };
		3A189F712B0BCAD000FD1A1D /* Main.storyboard in Resources */ = {isa = PBXBuildFile; fileRef = 3A189F6F2B0BCAD000FD1A1D /* Main.storyboard */; };
		3A189F742B0BCAD000FD1A1D /* Bankey.xcdatamodeld in Sources */ = {isa = PBXBuildFile; fileRef = 3A189F722B0BCAD000FD1A1D /* Bankey.xcdatamodeld */; };
		3A189F762B0BCAD100FD1A1D /* Assets.xcassets in Resources */ = {isa = PBXBuildFile; fileRef = 3A189F752B0BCAD100FD1A1D /* Assets.xcassets */; };
		3A189F792B0BCAD100FD1A1D /* LaunchScreen.storyboard in Resources */ = {isa = PBXBuildFile; fileRef = 3A189F772B0BCAD100FD1A1D /* LaunchScreen.storyboard */; };
		3A189F842B0BCAD100FD1A1D /* BankeyTests.swift in Sources */ = {isa = PBXBuildFile; fileRef = 3A189F832B0BCAD100FD1A1D /* BankeyTests.swift */; };
		3A189F8E2B0BCAD100FD1A1D /* BankeyUITests.swift in Sources */ = {isa = PBXBuildFile; fileRef = 3A189F8D2B0BCAD100FD1A1D /* BankeyUITests.swift */; };
		3A189F902B0BCAD100FD1A1D /* BankeyUITestsLaunchTests.swift in Sources */ = {isa = PBXBuildFile; fileRef = 3A189F8F2B0BCAD100FD1A1D /* BankeyUITestsLaunchTests.swift */; };
/* End PBXBuildFile section */

/* Begin PBXContainerItemProxy section */
		3A189F802B0BCAD100FD1A1D /* PBXContainerItemProxy */ = {
			isa = PBXContainerItemProxy;
			containerPortal = 3A189F5E2B0BCAD000FD1A1D /* Project object */;
			proxyType = 1;
			remoteGlobalIDString = 3A189F652B0BCAD000FD1A1D;
			remoteInfo = Bankey;
		};
		3A189F8A2B0BCAD100FD1A1D /* PBXContainerItemProxy */ = {
			isa = PBXContainerItemProxy;
			containerPortal = 3A189F5E2B0BCAD000FD1A1D /* Project object */;
			proxyType = 1;
			remoteGlobalIDString = 3A189F652B0BCAD000FD1A1D;
			remoteInfo = Bankey;
		};
/* End PBXContainerItemProxy section */

/* Begin PBXFileReference section */
		3A189F662B0BCAD000FD1A1D /* Bankey.app */ = {isa = PBXFileReference; explicitFileType = wrapper.application; includeInIndex = 0; path = Bankey.app; sourceTree = BUILT_PRODUCTS_DIR; };
		3A189F692B0BCAD000FD1A1D /* AppDelegate.swift */ = {isa = PBXFileReference; lastKnownFileType = sourcecode.swift; path = AppDelegate.swift; sourceTree = "<group>"; };
		3A189F6B2B0BCAD000FD1A1D /* SceneDelegate.swift */ = {isa = PBXFileReference; lastKnownFileType = sourcecode.swift; path = SceneDelegate.swift; sourceTree = "<group>"; };
		3A189F6D2B0BCAD000FD1A1D /* ViewController.swift */ = {isa = PBXFileReference; lastKnownFileType = sourcecode.swift; path = ViewController.swift; sourceTree = "<group>"; };
		3A189F702B0BCAD000FD1A1D /* Base */ = {isa = PBXFileReference; lastKnownFileType = file.storyboard; name = Base; path = Base.lproj/Main.storyboard; sourceTree = "<group>"; };
		3A189F732B0BCAD000FD1A1D /* Bankey.xcdatamodel */ = {isa = PBXFileReference; lastKnownFileType = wrapper.xcdatamodel; path = Bankey.xcdatamodel; sourceTree = "<group>"; };
		3A189F752B0BCAD100FD1A1D /* Assets.xcassets */ = {isa = PBXFileReference; lastKnownFileType = folder.assetcatalog; path = Assets.xcassets; sourceTree = "<group>"; };
		3A189F782B0BCAD100FD1A1D /* Base */ = {isa = PBXFileReference; lastKnownFileType = file.storyboard; name = Base; path = Base.lproj/LaunchScreen.storyboard; sourceTree = "<group>"; };
		3A189F7A2B0BCAD100FD1A1D /* Info.plist */ = {isa = PBXFileReference; lastKnownFileType = text.plist.xml; path = Info.plist; sourceTree = "<group>"; };
		3A189F7F2B0BCAD100FD1A1D /* BankeyTests.xctest */ = {isa = PBXFileReference; explicitFileType = wrapper.cfbundle; includeInIndex = 0; path = BankeyTests.xctest; sourceTree = BUILT_PRODUCTS_DIR; };
		3A189F832B0BCAD100FD1A1D /* BankeyTests.swift */ = {isa = PBXFileReference; lastKnownFileType = sourcecode.swift; path = BankeyTests.swift; sourceTree = "<group>"; };
		3A189F892B0BCAD100FD1A1D /* BankeyUITests.xctest */ = {isa = PBXFileReference; explicitFileType = wrapper.cfbundle; includeInIndex = 0; path = BankeyUITests.xctest; sourceTree = BUILT_PRODUCTS_DIR; };
		3A189F8D2B0BCAD100FD1A1D /* BankeyUITests.swift */ = {isa = PBXFileReference; lastKnownFileType = sourcecode.swift; path = BankeyUITests.swift; sourceTree = "<group>"; };
		3A189F8F2B0BCAD100FD1A1D /* BankeyUITestsLaunchTests.swift */ = {isa = PBXFileReference; lastKnownFileType = sourcecode.swift; path = BankeyUITestsLaunchTests.swift; sourceTree = "<group>"; };
/* End PBXFileReference section */

/* Begin PBXFrameworksBuildPhase section */
		3A189F632B0BCAD000FD1A1D /* Frameworks */ = {
			isa = PBXFrameworksBuildPhase;
			buildActionMask = 2147483647;
			files = (
			);
			runOnlyForDeploymentPostprocessing = 0;
		};
		3A189F7C2B0BCAD100FD1A1D /* Frameworks */ = {
			isa = PBXFrameworksBuildPhase;
			buildActionMask = 2147483647;
			files = (
			);
			runOnlyForDeploymentPostprocessing = 0;
		};
		3A189F862B0BCAD100FD1A1D /* Frameworks */ = {
			isa = PBXFrameworksBuildPhase;
			buildActionMask = 2147483647;
			files = (
			);
			runOnlyForDeploymentPostprocessing = 0;
		};
/* End PBXFrameworksBuildPhase section */

/* Begin PBXGroup section */
		3A189F5D2B0BCAD000FD1A1D = {
			isa = PBXGroup;
			children = (
				3A189F682B0BCAD000FD1A1D /* Bankey */,
				3A189F822B0BCAD100FD1A1D /* BankeyTests */,
				3A189F8C2B0BCAD100FD1A1D /* BankeyUITests */,
				3A189F672B0BCAD000FD1A1D /* Products */,
			);
			sourceTree = "<group>";
		};
		3A189F672B0BCAD000FD1A1D /* Products */ = {
			isa = PBXGroup;
			children = (
				3A189F662B0BCAD000FD1A1D /* Bankey.app */,
				3A189F7F2B0BCAD100FD1A1D /* BankeyTests.xctest */,
				3A189F892B0BCAD100FD1A1D /* BankeyUITests.xctest */,
			);
			name = Products;
			sourceTree = "<group>";
		};
		3A189F682B0BCAD000FD1A1D /* Bankey */ = {
			isa = PBXGroup;
			children = (
				3A189F692B0BCAD000FD1A1D /* AppDelegate.swift */,
				3A189F6B2B0BCAD000FD1A1D /* SceneDelegate.swift */,
				3A189F6D2B0BCAD000FD1A1D /* ViewController.swift */,
				3A189F6F2B0BCAD000FD1A1D /* Main.storyboard */,
				3A189F752B0BCAD100FD1A1D /* Assets.xcassets */,
				3A189F772B0BCAD100FD1A1D /* LaunchScreen.storyboard */,
				3A189F7A2B0BCAD100FD1A1D /* Info.plist */,
				3A189F722B0BCAD000FD1A1D /* Bankey.xcdatamodeld */,
			);
			path = Bankey;
			sourceTree = "<group>";
		};
		3A189F822B0BCAD100FD1A1D /* BankeyTests */ = {
			isa = PBXGroup;
			children = (
				3A189F832B0BCAD100FD1A1D /* BankeyTests.swift */,
			);
			path = BankeyTests;
			sourceTree = "<group>";
		};
		3A189F8C2B0BCAD100FD1A1D /* BankeyUITests */ = {
			isa = PBXGroup;
			children = (
				3A189F8D2B0BCAD100FD1A1D /* BankeyUITests.swift */,
				3A189F8F2B0BCAD100FD1A1D /* BankeyUITestsLaunchTests.swift */,
			);
			path = BankeyUITests;
			sourceTree = "<group>";
		};
/* End PBXGroup section */

/* Begin PBXNativeTarget section */
		3A189F652B0BCAD000FD1A1D /* Bankey */ = {
			isa = PBXNativeTarget;
			buildConfigurationList = 3A189F932B0BCAD100FD1A1D /* Build configuration list for PBXNativeTarget "Bankey" */;
			buildPhases = (
				3A189F622B0BCAD000FD1A1D /* Sources */,
				3A189F632B0BCAD000FD1A1D /* Frameworks */,
				3A189F642B0BCAD000FD1A1D /* Resources */,
			);
			buildRules = (
			);
			dependencies = (
			);
			name = Bankey;
			productName = Bankey;
			productReference = 3A189F662B0BCAD000FD1A1D /* Bankey.app */;
			productType = "com.apple.product-type.application";
		};
		3A189F7E2B0BCAD100FD1A1D /* BankeyTests */ = {
			isa = PBXNativeTarget;
			buildConfigurationList = 3A189F962B0BCAD100FD1A1D /* Build configuration list for PBXNativeTarget "BankeyTests" */;
			buildPhases = (
				3A189F7B2B0BCAD100FD1A1D /* Sources */,
				3A189F7C2B0BCAD100FD1A1D /* Frameworks */,
				3A189F7D2B0BCAD100FD1A1D /* Resources */,
			);
			buildRules = (
			);
			dependencies = (
				3A189F812B0BCAD100FD1A1D /* PBXTargetDependency */,
			);
			name = BankeyTests;
			productName = BankeyTests;
			productReference = 3A189F7F2B0BCAD100FD1A1D /* BankeyTests.xctest */;
			productType = "com.apple.product-type.bundle.unit-test";
		};
		3A189F882B0BCAD100FD1A1D /* BankeyUITests */ = {
			isa = PBXNativeTarget;
			buildConfigurationList = 3A189F992B0BCAD100FD1A1D /* Build configuration list for PBXNativeTarget "BankeyUITests" */;
			buildPhases = (
				3A189F852B0BCAD100FD1A1D /* Sources */,
				3A189F862B0BCAD100FD1A1D /* Frameworks */,
				3A189F872B0BCAD100FD1A1D /* Resources */,
			);
			buildRules = (
			);
			dependencies = (
				3A189F8B2B0BCAD100FD1A1D /* PBXTargetDependency */,
			);
			name = BankeyUITests;
			productName = BankeyUITests;
			productReference = 3A189F892B0BCAD100FD1A1D /* BankeyUITests.xctest */;
			productType = "com.apple.product-type.bundle.ui-testing";
		};
/* End PBXNativeTarget section */

/* Begin PBXProject section */
		3A189F5E2B0BCAD000FD1A1D /* Project object */ = {
			isa = PBXProject;
			attributes = {
				BuildIndependentTargetsInParallel = 1;
				LastSwiftUpdateCheck = 1500;
				LastUpgradeCheck = 1500;
				TargetAttributes = {
					3A189F652B0BCAD000FD1A1D = {
						CreatedOnToolsVersion = 15.0.1;
					};
					3A189F7E2B0BCAD100FD1A1D = {
						CreatedOnToolsVersion = 15.0.1;
						TestTargetID = 3A189F652B0BCAD000FD1A1D;
					};
					3A189F882B0BCAD100FD1A1D = {
						CreatedOnToolsVersion = 15.0.1;
						TestTargetID = 3A189F652B0BCAD000FD1A1D;
					};
				};
			};
			buildConfigurationList = 3A189F612B0BCAD000FD1A1D /* Build configuration list for PBXProject "Bankey" */;
			compatibilityVersion = "Xcode 14.0";
			developmentRegion = en;
			hasScannedForEncodings = 0;
			knownRegions = (
				en,
				Base,
			);
			mainGroup = 3A189F5D2B0BCAD000FD1A1D;
			productRefGroup = 3A189F672B0BCAD000FD1A1D /* Products */;
			projectDirPath = "";
			projectRoot = "";
			targets = (
				3A189F652B0BCAD000FD1A1D /* Bankey */,
				3A189F7E2B0BCAD100FD1A1D /* BankeyTests */,
				3A189F882B0BCAD100FD1A1D /* BankeyUITests */,
			);
		};
/* End PBXProject section */

/* Begin PBXResourcesBuildPhase section */
		3A189F642B0BCAD000FD1A1D /* Resources */ = {
			isa = PBXResourcesBuildPhase;
			buildActionMask = 2147483647;
			files = (
				3A189F792B0BCAD100FD1A1D /* LaunchScreen.storyboard in Resources */,
				3A189F762B0BCAD100FD1A1D /* Assets.xcassets in Resources */,
				3A189F712B0BCAD000FD1A1D /* Main.storyboard in Resources */,
			);
			runOnlyForDeploymentPostprocessing = 0;
		};
		3A189F7D2B0BCAD100FD1A1D /* Resources */ = {
			isa = PBXResourcesBuildPhase;
			buildActionMask = 2147483647;
			files = (
			);
			runOnlyForDeploymentPostprocessing = 0;
		};
		3A189F872B0BCAD100FD1A1D /* Resources */ = {
			isa = PBXResourcesBuildPhase;
			buildActionMask = 2147483647;
			files = (
			);
			runOnlyForDeploymentPostprocessing = 0;
		};
/* End PBXResourcesBuildPhase section */

/* Begin PBXSourcesBuildPhase section */
		3A189F622B0BCAD000FD1A1D /* Sources */ = {
			isa = PBXSourcesBuildPhase;
			buildActionMask = 2147483647;
			files = (
				3A189F6E2B0BCAD000FD1A1D /* ViewController.swift in Sources */,
				3A189F742B0BCAD000FD1A1D /* Bankey.xcdatamodeld in Sources */,
				3A189F6A2B0BCAD000FD1A1D /* AppDelegate.swift in Sources */,
				3A189F6C2B0BCAD000FD1A1D /* SceneDelegate.swift in Sources */,
			);
			runOnlyForDeploymentPostprocessing = 0;
		};
		3A189F7B2B0BCAD100FD1A1D /* Sources */ = {
			isa = PBXSourcesBuildPhase;
			buildActionMask = 2147483647;
			files = (
				3A189F842B0BCAD100FD1A1D /* BankeyTests.swift in Sources */,
			);
			runOnlyForDeploymentPostprocessing = 0;
		};
		3A189F852B0BCAD100FD1A1D /* Sources */ = {
			isa = PBXSourcesBuildPhase;
			buildActionMask = 2147483647;
			files = (
				3A189F902B0BCAD100FD1A1D /* BankeyUITestsLaunchTests.swift in Sources */,
				3A189F8E2B0BCAD100FD1A1D /* BankeyUITests.swift in Sources */,
			);
			runOnlyForDeploymentPostprocessing = 0;
		};
/* End PBXSourcesBuildPhase section */

/* Begin PBXTargetDependency section */
		3A189F812B0BCAD100FD1A1D /* PBXTargetDependency */ = {
			isa = PBXTargetDependency;
			target = 3A189F652B0BCAD000FD1A1D /* Bankey */;
			targetProxy = 3A189F802B0BCAD100FD1A1D /* PBXContainerItemProxy */;
		};
		3A189F8B2B0BCAD100FD1A1D /* PBXTargetDependency */ = {
			isa = PBXTargetDependency;
			target = 3A189F652B0BCAD000FD1A1D /* Bankey */;
			targetProxy = 3A189F8A2B0BCAD100FD1A1D /* PBXContainerItemProxy */;
		};
/* End PBXTargetDependency section */

/* Begin PBXVariantGroup section */
		3A189F6F2B0BCAD000FD1A1D /* Main.storyboard */ = {
			isa = PBXVariantGroup;
			children = (
				3A189F702B0BCAD000FD1A1D /* Base */,
			);
			name = Main.storyboard;
			sourceTree = "<group>";
		};
		3A189F772B0BCAD100FD1A1D /* LaunchScreen.storyboard */ = {
			isa = PBXVariantGroup;
			children = (
				3A189F782B0BCAD100FD1A1D /* Base */,
			);
			name = LaunchScreen.storyboard;
			sourceTree = "<group>";
		};
/* End PBXVariantGroup section */

/* Begin XCBuildConfiguration section */
		3A189F912B0BCAD100FD1A1D /* Debug */ = {
			isa = XCBuildConfiguration;
			buildSettings = {
				ALWAYS_SEARCH_USER_PATHS = NO;
				ASSETCATALOG_COMPILER_GENERATE_SWIFT_ASSET_SYMBOL_EXTENSIONS = YES;
				CLANG_ANALYZER_NONNULL = YES;
				CLANG_ANALYZER_NUMBER_OBJECT_CONVERSION = YES_AGGRESSIVE;
				CLANG_CXX_LANGUAGE_STANDARD = "gnu++20";
				CLANG_ENABLE_MODULES = YES;
				CLANG_ENABLE_OBJC_ARC = YES;
				CLANG_ENABLE_OBJC_WEAK = YES;
				CLANG_WARN_BLOCK_CAPTURE_AUTORELEASING = YES;
				CLANG_WARN_BOOL_CONVERSION = YES;
				CLANG_WARN_COMMA = YES;
				CLANG_WARN_CONSTANT_CONVERSION = YES;
				CLANG_WARN_DEPRECATED_OBJC_IMPLEMENTATIONS = YES;
				CLANG_WARN_DIRECT_OBJC_ISA_USAGE = YES_ERROR;
				CLANG_WARN_DOCUMENTATION_COMMENTS = YES;
				CLANG_WARN_EMPTY_BODY = YES;
				CLANG_WARN_ENUM_CONVERSION = YES;
				CLANG_WARN_INFINITE_RECURSION = YES;
				CLANG_WARN_INT_CONVERSION = YES;
				CLANG_WARN_NON_LITERAL_NULL_CONVERSION = YES;
				CLANG_WARN_OBJC_IMPLICIT_RETAIN_SELF = YES;
				CLANG_WARN_OBJC_LITERAL_CONVERSION = YES;
				CLANG_WARN_OBJC_ROOT_CLASS = YES_ERROR;
				CLANG_WARN_QUOTED_INCLUDE_IN_FRAMEWORK_HEADER = YES;
				CLANG_WARN_RANGE_LOOP_ANALYSIS = YES;
				CLANG_WARN_STRICT_PROTOTYPES = YES;
				CLANG_WARN_SUSPICIOUS_MOVE = YES;
				CLANG_WARN_UNGUARDED_AVAILABILITY = YES_AGGRESSIVE;
				CLANG_WARN_UNREACHABLE_CODE = YES;
				CLANG_WARN__DUPLICATE_METHOD_MATCH = YES;
				COPY_PHASE_STRIP = NO;
				DEBUG_INFORMATION_FORMAT = dwarf;
				ENABLE_STRICT_OBJC_MSGSEND = YES;
				ENABLE_TESTABILITY = YES;
				ENABLE_USER_SCRIPT_SANDBOXING = YES;
				GCC_C_LANGUAGE_STANDARD = gnu17;
				GCC_DYNAMIC_NO_PIC = NO;
				GCC_NO_COMMON_BLOCKS = YES;
				GCC_OPTIMIZATION_LEVEL = 0;
				GCC_PREPROCESSOR_DEFINITIONS = (
					"DEBUG=1",
					"$(inherited)",
				);
				GCC_WARN_64_TO_32_BIT_CONVERSION = YES;
				GCC_WARN_ABOUT_RETURN_TYPE = YES_ERROR;
				GCC_WARN_UNDECLARED_SELECTOR = YES;
				GCC_WARN_UNINITIALIZED_AUTOS = YES_AGGRESSIVE;
				GCC_WARN_UNUSED_FUNCTION = YES;
				GCC_WARN_UNUSED_VARIABLE = YES;
				IPHONEOS_DEPLOYMENT_TARGET = 17.0;
				LOCALIZATION_PREFERS_STRING_CATALOGS = YES;
				MTL_ENABLE_DEBUG_INFO = INCLUDE_SOURCE;
				MTL_FAST_MATH = YES;
				ONLY_ACTIVE_ARCH = YES;
				SDKROOT = iphoneos;
				SWIFT_ACTIVE_COMPILATION_CONDITIONS = "DEBUG $(inherited)";
				SWIFT_OPTIMIZATION_LEVEL = "-Onone";
			};
			name = Debug;
		};
		3A189F922B0BCAD100FD1A1D /* Release */ = {
			isa = XCBuildConfiguration;
			buildSettings = {
				ALWAYS_SEARCH_USER_PATHS = NO;
				ASSETCATALOG_COMPILER_GENERATE_SWIFT_ASSET_SYMBOL_EXTENSIONS = YES;
				CLANG_ANALYZER_NONNULL = YES;
				CLANG_ANALYZER_NUMBER_OBJECT_CONVERSION = YES_AGGRESSIVE;
				CLANG_CXX_LANGUAGE_STANDARD = "gnu++20";
				CLANG_ENABLE_MODULES = YES;
				CLANG_ENABLE_OBJC_ARC = YES;
				CLANG_ENABLE_OBJC_WEAK = YES;
				CLANG_WARN_BLOCK_CAPTURE_AUTORELEASING = YES;
				CLANG_WARN_BOOL_CONVERSION = YES;
				CLANG_WARN_COMMA = YES;
				CLANG_WARN_CONSTANT_CONVERSION = YES;
				CLANG_WARN_DEPRECATED_OBJC_IMPLEMENTATIONS = YES;
				CLANG_WARN_DIRECT_OBJC_ISA_USAGE = YES_ERROR;
				CLANG_WARN_DOCUMENTATION_COMMENTS = YES;
				CLANG_WARN_EMPTY_BODY = YES;
				CLANG_WARN_ENUM_CONVERSION = YES;
				CLANG_WARN_INFINITE_RECURSION = YES;
				CLANG_WARN_INT_CONVERSION = YES;
				CLANG_WARN_NON_LITERAL_NULL_CONVERSION = YES;
				CLANG_WARN_OBJC_IMPLICIT_RETAIN_SELF = YES;
				CLANG_WARN_OBJC_LITERAL_CONVERSION = YES;
				CLANG_WARN_OBJC_ROOT_CLASS = YES_ERROR;
				CLANG_WARN_QUOTED_INCLUDE_IN_FRAMEWORK_HEADER = YES;
				CLANG_WARN_RANGE_LOOP_ANALYSIS = YES;
				CLANG_WARN_STRICT_PROTOTYPES = YES;
				CLANG_WARN_SUSPICIOUS_MOVE = YES;
				CLANG_WARN_UNGUARDED_AVAILABILITY = YES_AGGRESSIVE;
				CLANG_WARN_UNREACHABLE_CODE = YES;
				CLANG_WARN__DUPLICATE_METHOD_MATCH = YES;
				COPY_PHASE_STRIP = NO;
				DEBUG_INFORMATION_FORMAT = "dwarf-with-dsym";
				ENABLE_NS_ASSERTIONS = NO;
				ENABLE_STRICT_OBJC_MSGSEND = YES;
				ENABLE_USER_SCRIPT_SANDBOXING = YES;
				GCC_C_LANGUAGE_STANDARD = gnu17;
				GCC_NO_COMMON_BLOCKS = YES;
				GCC_WARN_64_TO_32_BIT_CONVERSION = YES;
				GCC_WARN_ABOUT_RETURN_TYPE = YES_ERROR;
				GCC_WARN_UNDECLARED_SELECTOR = YES;
				GCC_WARN_UNINITIALIZED_AUTOS = YES_AGGRESSIVE;
				GCC_WARN_UNUSED_FUNCTION = YES;
				GCC_WARN_UNUSED_VARIABLE = YES;
				IPHONEOS_DEPLOYMENT_TARGET = 17.0;
				LOCALIZATION_PREFERS_STRING_CATALOGS = YES;
				MTL_ENABLE_DEBUG_INFO = NO;
				MTL_FAST_MATH = YES;
				SDKROOT = iphoneos;
				SWIFT_COMPILATION_MODE = wholemodule;
				VALIDATE_PRODUCT = YES;
			};
			name = Release;
		};
		3A189F942B0BCAD100FD1A1D /* Debug */ = {
			isa = XCBuildConfiguration;
			buildSettings = {
				ASSETCATALOG_COMPILER_APPICON_NAME = AppIcon;
				ASSETCATALOG_COMPILER_GLOBAL_ACCENT_COLOR_NAME = AccentColor;
				CODE_SIGN_STYLE = Automatic;
				CURRENT_PROJECT_VERSION = 1;
				DEVELOPMENT_TEAM = J6M68LPML8;
				GENERATE_INFOPLIST_FILE = YES;
				INFOPLIST_FILE = Bankey/Info.plist;
				INFOPLIST_KEY_UIApplicationSupportsIndirectInputEvents = YES;
				INFOPLIST_KEY_UILaunchStoryboardName = LaunchScreen;
				INFOPLIST_KEY_UIMainStoryboardFile = Main;
				INFOPLIST_KEY_UISupportedInterfaceOrientations_iPad = "UIInterfaceOrientationPortrait UIInterfaceOrientationPortraitUpsideDown UIInterfaceOrientationLandscapeLeft UIInterfaceOrientationLandscapeRight";
				INFOPLIST_KEY_UISupportedInterfaceOrientations_iPhone = "UIInterfaceOrientationPortrait UIInterfaceOrientationLandscapeLeft UIInterfaceOrientationLandscapeRight";
				LD_RUNPATH_SEARCH_PATHS = (
					"$(inherited)",
					"@executable_path/Frameworks",
				);
				MARKETING_VERSION = 1.0;
				PRODUCT_BUNDLE_IDENTIFIER = com.mehmetsalihcakmak.Bankey;
				PRODUCT_NAME = "$(TARGET_NAME)";
				SWIFT_EMIT_LOC_STRINGS = YES;
				SWIFT_VERSION = 5.0;
				TARGETED_DEVICE_FAMILY = "1,2";
			};
			name = Debug;
		};
		3A189F952B0BCAD100FD1A1D /* Release */ = {
			isa = XCBuildConfiguration;
			buildSettings = {
				ASSETCATALOG_COMPILER_APPICON_NAME = AppIcon;
				ASSETCATALOG_COMPILER_GLOBAL_ACCENT_COLOR_NAME = AccentColor;
				CODE_SIGN_STYLE = Automatic;
				CURRENT_PROJECT_VERSION = 1;
				DEVELOPMENT_TEAM = J6M68LPML8;
				GENERATE_INFOPLIST_FILE = YES;
				INFOPLIST_FILE = Bankey/Info.plist;
				INFOPLIST_KEY_UIApplicationSupportsIndirectInputEvents = YES;
				INFOPLIST_KEY_UILaunchStoryboardName = LaunchScreen;
				INFOPLIST_KEY_UIMainStoryboardFile = Main;
				INFOPLIST_KEY_UISupportedInterfaceOrientations_iPad = "UIInterfaceOrientationPortrait UIInterfaceOrientationPortraitUpsideDown UIInterfaceOrientationLandscapeLeft UIInterfaceOrientationLandscapeRight";
				INFOPLIST_KEY_UISupportedInterfaceOrientations_iPhone = "UIInterfaceOrientationPortrait UIInterfaceOrientationLandscapeLeft UIInterfaceOrientationLandscapeRight";
				LD_RUNPATH_SEARCH_PATHS = (
					"$(inherited)",
					"@executable_path/Frameworks",
				);
				MARKETING_VERSION = 1.0;
				PRODUCT_BUNDLE_IDENTIFIER = com.mehmetsalihcakmak.Bankey;
				PRODUCT_NAME = "$(TARGET_NAME)";
				SWIFT_EMIT_LOC_STRINGS = YES;
				SWIFT_VERSION = 5.0;
				TARGETED_DEVICE_FAMILY = "1,2";
			};
			name = Release;
		};
		3A189F972B0BCAD100FD1A1D /* Debug */ = {
			isa = XCBuildConfiguration;
			buildSettings = {
				ALWAYS_EMBED_SWIFT_STANDARD_LIBRARIES = YES;
				BUNDLE_LOADER = "$(TEST_HOST)";
				CODE_SIGN_STYLE = Automatic;
				CURRENT_PROJECT_VERSION = 1;
				DEVELOPMENT_TEAM = J6M68LPML8;
				GENERATE_INFOPLIST_FILE = YES;
				IPHONEOS_DEPLOYMENT_TARGET = 17.0;
				MARKETING_VERSION = 1.0;
				PRODUCT_BUNDLE_IDENTIFIER = com.mehmetsalihcakmak.BankeyTests;
				PRODUCT_NAME = "$(TARGET_NAME)";
				SWIFT_EMIT_LOC_STRINGS = NO;
				SWIFT_VERSION = 5.0;
				TARGETED_DEVICE_FAMILY = "1,2";
				TEST_HOST = "$(BUILT_PRODUCTS_DIR)/Bankey.app/$(BUNDLE_EXECUTABLE_FOLDER_PATH)/Bankey";
			};
			name = Debug;
		};
		3A189F982B0BCAD100FD1A1D /* Release */ = {
			isa = XCBuildConfiguration;
			buildSettings = {
				ALWAYS_EMBED_SWIFT_STANDARD_LIBRARIES = YES;
				BUNDLE_LOADER = "$(TEST_HOST)";
				CODE_SIGN_STYLE = Automatic;
				CURRENT_PROJECT_VERSION = 1;
				DEVELOPMENT_TEAM = J6M68LPML8;
				GENERATE_INFOPLIST_FILE = YES;
				IPHONEOS_DEPLOYMENT_TARGET = 17.0;
				MARKETING_VERSION = 1.0;
				PRODUCT_BUNDLE_IDENTIFIER = com.mehmetsalihcakmak.BankeyTests;
				PRODUCT_NAME = "$(TARGET_NAME)";
				SWIFT_EMIT_LOC_STRINGS = NO;
				SWIFT_VERSION = 5.0;
				TARGETED_DEVICE_FAMILY = "1,2";
				TEST_HOST = "$(BUILT_PRODUCTS_DIR)/Bankey.app/$(BUNDLE_EXECUTABLE_FOLDER_PATH)/Bankey";
			};
			name = Release;
		};
		3A189F9A2B0BCAD100FD1A1D /* Debug */ = {
			isa = XCBuildConfiguration;
			buildSettings = {
				ALWAYS_EMBED_SWIFT_STANDARD_LIBRARIES = YES;
				CODE_SIGN_STYLE = Automatic;
				CURRENT_PROJECT_VERSION = 1;
				DEVELOPMENT_TEAM = J6M68LPML8;
				GENERATE_INFOPLIST_FILE = YES;
				MARKETING_VERSION = 1.0;
				PRODUCT_BUNDLE_IDENTIFIER = com.mehmetsalihcakmak.BankeyUITests;
				PRODUCT_NAME = "$(TARGET_NAME)";
				SWIFT_EMIT_LOC_STRINGS = NO;
				SWIFT_VERSION = 5.0;
				TARGETED_DEVICE_FAMILY = "1,2";
				TEST_TARGET_NAME = Bankey;
			};
			name = Debug;
		};
		3A189F9B2B0BCAD100FD1A1D /* Release */ = {
			isa = XCBuildConfiguration;
			buildSettings = {
				ALWAYS_EMBED_SWIFT_STANDARD_LIBRARIES = YES;
				CODE_SIGN_STYLE = Automatic;
				CURRENT_PROJECT_VERSION = 1;
				DEVELOPMENT_TEAM = J6M68LPML8;
				GENERATE_INFOPLIST_FILE = YES;
				MARKETING_VERSION = 1.0;
				PRODUCT_BUNDLE_IDENTIFIER = com.mehmetsalihcakmak.BankeyUITests;
				PRODUCT_NAME = "$(TARGET_NAME)";
				SWIFT_EMIT_LOC_STRINGS = NO;
				SWIFT_VERSION = 5.0;
				TARGETED_DEVICE_FAMILY = "1,2";
				TEST_TARGET_NAME = Bankey;
			};
			name = Release;
		};
/* End XCBuildConfiguration section */

/* Begin XCConfigurationList section */
		3A189F612B0BCAD000FD1A1D /* Build configuration list for PBXProject "Bankey" */ = {
			isa = XCConfigurationList;
			buildConfigurations = (
				3A189F912B0BCAD100FD1A1D /* Debug */,
				3A189F922B0BCAD100FD1A1D /* Release */,
			);
			defaultConfigurationIsVisible = 0;
			defaultConfigurationName = Release;
		};
		3A189F932B0BCAD100FD1A1D /* Build configuration list for PBXNativeTarget "Bankey" */ = {
			isa = XCConfigurationList;
			buildConfigurations = (
				3A189F942B0BCAD100FD1A1D /* Debug */,
				3A189F952B0BCAD100FD1A1D /* Release */,
			);
			defaultConfigurationIsVisible = 0;
			defaultConfigurationName = Release;
		};
		3A189F962B0BCAD100FD1A1D /* Build configuration list for PBXNativeTarget "BankeyTests" */ = {
			isa = XCConfigurationList;
			buildConfigurations = (
				3A189F972B0BCAD100FD1A1D /* Debug */,
				3A189F982B0BCAD100FD1A1D /* Release */,
			);
			defaultConfigurationIsVisible = 0;
			defaultConfigurationName = Release;
		};
		3A189F992B0BCAD100FD1A1D /* Build configuration list for PBXNativeTarget "BankeyUITests" */ = {
			isa = XCConfigurationList;
			buildConfigurations = (
				3A189F9A2B0BCAD100FD1A1D /* Debug */,
				3A189F9B2B0BCAD100FD1A1D /* Release */,
			);
			defaultConfigurationIsVisible = 0;
			defaultConfigurationName = Release;
		};
/* End XCConfigurationList section */

/* Begin XCVersionGroup section */
		3A189F722B0BCAD000FD1A1D /* Bankey.xcdatamodeld */ = {
			isa = XCVersionGroup;
			children = (
				3A189F732B0BCAD000FD1A1D /* Bankey.xcdatamodel */,
			);
			currentVersion = 3A189F732B0BCAD000FD1A1D /* Bankey.xcdatamodel */;
			path = Bankey.xcdatamodeld;
			sourceTree = "<group>";
			versionGroupType = wrapper.xcdatamodel;
		};
/* End XCVersionGroup section */
	};
	rootObject = 3A189F5E2B0BCAD000FD1A1D /* Project object */;
}
